<?xml version="1.0" encoding="utf-8"?>
<Project ToolsVersion="4.0" xmlns="http://schemas.microsoft.com/developer/msbuild/2003">
  <ItemGroup>
    <Filter Include="소스 파일">
      <UniqueIdentifier>{4FC737F1-C7A5-4376-A066-2A32D752A2FF}</UniqueIdentifier>
      <Extensions>cpp;c;cc;cxx;c++;cppm;ixx;def;odl;idl;hpj;bat;asm;asmx</Extensions>
    </Filter>
    <Filter Include="헤더 파일">
      <UniqueIdentifier>{93995380-89BD-4b04-88EB-625FBE52EBFB}</UniqueIdentifier>
      <Extensions>h;hh;hpp;hxx;h++;hm;inl;inc;ipp;xsd</Extensions>
    </Filter>
    <Filter Include="리소스 파일">
      <UniqueIdentifier>{67DA6AB6-F800-4c08-8B7A-83BB121AAD01}</UniqueIdentifier>
      <Extensions>rc;ico;cur;bmp;dlg;rc2;rct;bin;rgs;gif;jpg;jpeg;jpe;resx;tiff;tif;png;wav;mfcribbon-ms</Extensions>
    </Filter>
    <Filter Include="Bgm">
      <UniqueIdentifier>{5310b4e7-aee6-454a-ac0d-0bd27c3a52a9}</UniqueIdentifier>
    </Filter>
  </ItemGroup>
  <ItemGroup>
    <ClCompile Include="Main.cpp">
      <Filter>소스 파일</Filter>
    </ClCompile>
    <ClCompile Include="Player.cpp">
      <Filter>소스 파일</Filter>
    </ClCompile>
    <ClCompile Include="Battle.cpp">
      <Filter>소스 파일</Filter>
    </ClCompile>
    <ClCompile Include="Monster.cpp">
      <Filter>소스 파일</Filter>
    </ClCompile>
    <ClCompile Include="Shop.cpp">
      <Filter>소스 파일</Filter>
    </ClCompile>
    <ClCompile Include="printimg.cpp">
      <Filter>소스 파일</Filter>
    </ClCompile>
    <ClCompile Include="Inventory.cpp">
      <Filter>소스 파일</Filter>
    </ClCompile>
    <ClCompile Include="SkillManager.cpp">
      <Filter>소스 파일</Filter>
    </ClCompile>
  </ItemGroup>
  <ItemGroup>
    <ClInclude Include="Player.h">
      <Filter>헤더 파일</Filter>
    </ClInclude>
    <ClInclude Include="Battle.h">
      <Filter>헤더 파일</Filter>
    </ClInclude>
    <ClInclude Include="Monster.h">
      <Filter>헤더 파일</Filter>
    </ClInclude>
    <ClInclude Include="Shop.h">
      <Filter>헤더 파일</Filter>
    </ClInclude>
    <ClInclude Include="Inventory.h">
      <Filter>헤더 파일</Filter>
    </ClInclude>
    <ClInclude Include="ISkill.h">
      <Filter>헤더 파일</Filter>
    </ClInclude>
    <ClInclude Include="SkillInterfaces.h">
      <Filter>헤더 파일</Filter>
    </ClInclude>
    <ClInclude Include="SkillManager.h">
      <Filter>헤더 파일</Filter>
    </ClInclude>
  </ItemGroup>
  <ItemGroup>
    <Media Include="Bgm\Battle_Bgm3.wav">
      <Filter>Bgm</Filter>
    </Media>
    <Media Include="Bgm\Battle_Bgm4.wav">
      <Filter>Bgm</Filter>
    </Media>
    <Media Include="Bgm\Battle_Bgm5.wav">
      <Filter>Bgm</Filter>
    </Media>
    <Media Include="Bgm\Battle_Bgm6.wav">
      <Filter>Bgm</Filter>
    </Media>
    <Media Include="Bgm\Lobby.wav">
      <Filter>Bgm</Filter>
    </Media>
    <Media Include="Bgm\Lobby2.wav">
      <Filter>Bgm</Filter>
    </Media>
    <Media Include="Bgm\Battle_Bgm1.wav">
      <Filter>Bgm</Filter>
    </Media>
    <Media Include="Bgm\Battle_Bgm2.wav">
      <Filter>Bgm</Filter>
    </Media>
  </ItemGroup>
</Project>